
Microsoft Visual Studio Solution File, Format Version 12.00
# Visual Studio 2012
Project("{FAE04EC0-301F-11D3-BF4B-00C04F79EFBC}") = "Dark Souls 2 Trainer", "Dark Souls 2 Trainer\Dark Souls 2 Trainer.csproj", "{CCE04D45-EB4A-449A-83BF-CD649AB95FE0}"
EndProject
Global
	GlobalSection(SolutionConfigurationPlatforms) = preSolution
		Debug|Any CPU = Debug|Any CPU
		Release|Any CPU = Release|Any CPU
	EndGlobalSection
	GlobalSection(ProjectConfigurationPlatforms) = postSolution
		{CCE04D45-EB4A-449A-83BF-CD649AB95FE0}.Debug|Any CPU.ActiveCfg = Debug|Any CPU
		{CCE04D45-EB4A-449A-83BF-CD649AB95FE0}.Debug|Any CPU.Build.0 = Debug|Any CPU
		{CCE04D45-EB4A-449A-83BF-CD649AB95FE0}.Release|Any CPU.ActiveCfg = Release|Any CPU
		{CCE04D45-EB4A-449A-83BF-CD649AB95FE0}.Release|Any CPU.Build.0 = Release|Any CPU
	EndGlobalSection
	GlobalSection(SolutionProperties) = preSolution
		HideSolutionNode = FALSE
	EndGlobalSection
EndGlobal
